{
  "name": "fagc-api-types",
  "version": "1.0.3",
  "lockfileVersion": 2,
  "requires": true,
  "packages": {
    "": {
      "version": "1.0.3",
      "license": "MIT",
      "dependencies": {
        "discord-api-types": "^0.23.1"
      }
    },
    "node_modules/discord-api-types": {
      "version": "0.23.1",
      "resolved": "https://registry.npmjs.org/discord-api-types/-/discord-api-types-0.23.1.tgz",
      "integrity": "sha512-igWmn+45mzXRWNEPU25I/pr8MwxHb767wAr51oy3VRLRcTlp5ADBbrBR0lq3SA1Rfw3MtM4TQu1xo3kxscfVdQ==",
      "engines": {
        "node": ">=12"
      }
    }
  },
  "dependencies": {
    "discord-api-types": {
      "version": "0.23.1",
      "resolved": "https://registry.npmjs.org/discord-api-types/-/discord-api-types-0.23.1.tgz",
      "integrity": "sha512-igWmn+45mzXRWNEPU25I/pr8MwxHb767wAr51oy3VRLRcTlp5ADBbrBR0lq3SA1Rfw3MtM4TQu1xo3kxscfVdQ=="
    }
  }
}
